
Microsoft Visual Studio Solution File, Format Version 12.00
# Visual Studio Version 16
VisualStudioVersion = 16.0.29201.188
MinimumVisualStudioVersion = 10.0.40219.1
Project("{9A19103F-16F7-4668-BE54-9A1E7A4F7556}") = "f1-2019", "src\f1-2019\f1-2019.csproj", "{701B155B-05EE-4508-A283-F6B978478504}"
EndProject
Global
	GlobalSection(SolutionConfigurationPlatforms) = preSolution
		Debug|Any CPU = Debug|Any CPU
		Release|Any CPU = Release|Any CPU
	EndGlobalSection
	GlobalSection(ProjectConfigurationPlatforms) = postSolution
		{701B155B-05EE-4508-A283-F6B978478504}.Debug|Any CPU.ActiveCfg = Debug|Any CPU
		{701B155B-05EE-4508-A283-F6B978478504}.Debug|Any CPU.Build.0 = Debug|Any CPU
		{701B155B-05EE-4508-A283-F6B978478504}.Release|Any CPU.ActiveCfg = Release|Any CPU
		{701B155B-05EE-4508-A283-F6B978478504}.Release|Any CPU.Build.0 = Release|Any CPU
	EndGlobalSection
	GlobalSection(SolutionProperties) = preSolution
		HideSolutionNode = FALSE
	EndGlobalSection
	GlobalSection(ExtensibilityGlobals) = postSolution
		SolutionGuid = {8C5F8ACB-6B6E-4A3F-83E6-A3BE118BC501}
	EndGlobalSection
EndGlobal
